%{
  "firedrill": {:git, "https://github.com/xinhaoyuan/firedrill.git", "2ad8d2bd0d91a33a72668ed979452b7415793a1b", []},
  "gen_state_machine": {:hex, :gen_state_machine, "2.0.3", "477ea51b466a749ab23a0d6090e9e84073f41f9aa28c7efc40eac18f3d4a9f77", [:mix], [], "hexpm"},
  "libring": {:hex, :libring, "1.4.0", "41246ba2f3fbc76b3971f6bce83119dfec1eee17e977a48d8a9cfaaf58c2a8d6", [:mix], [], "hexpm"},
  "morpheus": {:git, "https://github.com/xinhaoyuan/morpheus.git", "2c1508108deb1e1508a6eae8d739464181d6ae44", []},
  "parse_trans": {:git, "https://github.com/uwiger/parse_trans.git", "76abb347c3c1d00fb0ccf9e4b43e22b3d2288484", []},
  "swarm": {:git, "https://github.com/bitwalker/swarm.git", "14302120fdec9b16c3368df6dd143b583d5d901e", [ref: "14302120fdec9b16c3368df6dd143b583d5d901e"]},
}
